
Microsoft Visual Studio Solution File, Format Version 12.00
# Visual Studio 14
VisualStudioVersion = 14.0.25123.0
MinimumVisualStudioVersion = 10.0.40219.1
Project("{FAE04EC0-301F-11D3-BF4B-00C04F79EFBC}") = "ZenChatService", "ZenChat\ZenChatService.csproj", "{A26B54A8-9F40-4B02-B40A-0CC96330327D}"
EndProject
Project("{FAE04EC0-301F-11D3-BF4B-00C04F79EFBC}") = "ZenChatServiceTest", "ZenChatTest\ZenChatServiceTest.csproj", "{05FDE76A-EC39-4B76-9B03-E98D895D887F}"
EndProject
Global
	GlobalSection(SolutionConfigurationPlatforms) = preSolution
		Debug|Any CPU = Debug|Any CPU
		Release|Any CPU = Release|Any CPU
	EndGlobalSection
	GlobalSection(ProjectConfigurationPlatforms) = postSolution
		{A26B54A8-9F40-4B02-B40A-0CC96330327D}.Debug|Any CPU.ActiveCfg = Debug|Any CPU
		{A26B54A8-9F40-4B02-B40A-0CC96330327D}.Debug|Any CPU.Build.0 = Debug|Any CPU
		{A26B54A8-9F40-4B02-B40A-0CC96330327D}.Release|Any CPU.ActiveCfg = Release|Any CPU
		{A26B54A8-9F40-4B02-B40A-0CC96330327D}.Release|Any CPU.Build.0 = Release|Any CPU
		{05FDE76A-EC39-4B76-9B03-E98D895D887F}.Debug|Any CPU.ActiveCfg = Debug|Any CPU
		{05FDE76A-EC39-4B76-9B03-E98D895D887F}.Debug|Any CPU.Build.0 = Debug|Any CPU
		{05FDE76A-EC39-4B76-9B03-E98D895D887F}.Release|Any CPU.ActiveCfg = Release|Any CPU
		{05FDE76A-EC39-4B76-9B03-E98D895D887F}.Release|Any CPU.Build.0 = Release|Any CPU
	EndGlobalSection
	GlobalSection(SolutionProperties) = preSolution
		HideSolutionNode = FALSE
	EndGlobalSection
EndGlobal
